# This file is automatically @generated by Poetry 2.3.2 and should not be changed by hand.

[[package]]
name = "ruamel-yaml"
version = "0.19.1"
description = "ruamel.yaml is a YAML parser/emitter that supports roundtrip preservation of comments, seq/map flow style, and map key order"
optional = false
python-versions = ">=3.9"
groups = ["main"]
files = [
    {file = "ruamel_yaml-0.19.1-py3-none-any.whl", hash = "sha256:27592957fedf6e0b62f281e96effd28043345e0e66001f97683aa9a40c667c93"},
    {file = "ruamel_yaml-0.19.1.tar.gz", hash = "sha256:53eb66cd27849eff968ebf8f0bf61f46cdac2da1d1f3576dd4ccee9b25c31993"},
]

[package.extras]
docs = ["mercurial (>5.7)", "ryd"]
jinja2 = ["ruamel.yaml.jinja2 (>=0.2)"]
libyaml = ["ruamel.yaml.clibz (>=0.3.7) ; platform_python_implementation == \"CPython\""]
oldlibyaml = ["ruamel.yaml.clib ; platform_python_implementation == \"CPython\""]

[metadata]
lock-version = "2.1"
python-versions = ">=3.14"
content-hash = "c392ae2ea1d2c86a71397917614b2879aae7f77c67c8329bba2225a3827ceff2"
